
Microsoft Visual Studio Solution File, Format Version 12.00
# Visual Studio Version 17
VisualStudioVersion = 17.0.31710.8
MinimumVisualStudioVersion = 16.0.29201.188
Project("{FAE04EC0-301F-11D3-BF4B-00C04F79EFBC}") = "ClassLibrary1", "ClassLibrary1\ClassLibrary1.csproj", "{D022677D-F58F-4699-844A-4609BF47100E}"
EndProject
Global
	GlobalSection(SolutionConfigurationPlatforms) = preSolution
		Debug|Any CPU = Debug|Any CPU
		Release|Any CPU = Release|Any CPU
	EndGlobalSection
	GlobalSection(ProjectConfigurationPlatforms) = postSolution
		{D022677D-F58F-4699-844A-4609BF47100E}.Debug|Any CPU.ActiveCfg = Debug|Any CPU
		{D022677D-F58F-4699-844A-4609BF47100E}.Debug|Any CPU.Build.0 = Debug|Any CPU
		{D022677D-F58F-4699-844A-4609BF47100E}.Release|Any CPU.ActiveCfg = Release|Any CPU
		{D022677D-F58F-4699-844A-4609BF47100E}.Release|Any CPU.Build.0 = Release|Any CPU
	EndGlobalSection
	GlobalSection(SolutionProperties) = preSolution
		HideSolutionNode = FALSE
	EndGlobalSection
	GlobalSection(ExtensibilityGlobals) = postSolution
		SolutionGuid = {B0B94980-5385-4EC6-A0EE-C9A191DDFC05}
	EndGlobalSection
	GlobalSection(NestedProjects) = preSolution
	EndGlobalSection
EndGlobal
